{
  "name": "retroachievements-js",
  "lockfileVersion": 3,
  "requires": true,
  "packages": {
    "": {
      "dependencies": {
        "@retroachievements/api": "^2.1.0"
      }
    },
    "node_modules/@retroachievements/api": {
      "version": "2.1.0",
      "resolved": "https://registry.npmjs.org/@retroachievements/api/-/api-2.1.0.tgz",
      "integrity": "sha512-GBzguVYFgHLladX+nMv1X3nTT8Pknd4/QagNpKjgolEInrGtVECwE6JIIWgL/r4m5NuRx/k1KYZGkpdS02oY6A==",
      "engines": {
        "node": ">=16"
      }
    }
  }
}
