{
  "name": "retroachievements-js",
  "lockfileVersion": 3,
  "requires": true,
  "packages": {
    "": {
      "dependencies": {
        "@retroachievements/api": "^2.1.0"
      }
    },
    "node_modules/@retroachievements/api": {
      "version": "2.6.0",
      "resolved": "https://registry.npmjs.org/@retroachievements/api/-/api-2.6.0.tgz",
      "integrity": "sha512-ra6tSHYRJ1Mdm25GtlwQUAQLfrad32hOfBwYRHQo+Fv+vjeki3jEtXX/KNqFGZK+5DKH6S1rSgVoGBdXVbNzkA==",
      "engines": {
        "node": ">=16"
      }
    }
  }
}
